{
  "name": "@citolab/preact-store",
  "version": "2.5.30-beta.2",
  "lockfileVersion": 2,
  "requires": true,
  "packages": {
    "": {
      "name": "@citolab/preact-store",
      "version": "2.5.30-beta.2",
      "license": "MIT",
      "devDependencies": {
        "preact": "^10.24.0"
      },
      "peerDependencies": {
        "preact": ">= 10.0.0"
      }
    },
    "node_modules/preact": {
      "version": "10.6.4",
      "resolved": "https://registry.npmjs.org/preact/-/preact-10.6.4.tgz",
      "integrity": "sha512-WyosM7pxGcndU8hY0OQlLd54tOU+qmG45QXj2dAYrL11HoyU/EzOSTlpJsirbBr1QW7lICxSsVJJmcmUglovHQ==",
      "dev": true,
      "funding": {
        "type": "opencollective",
        "url": "https://opencollective.com/preact"
      }
    }
  },
  "dependencies": {
    "preact": {
      "version": "10.6.4",
      "resolved": "https://registry.npmjs.org/preact/-/preact-10.6.4.tgz",
      "integrity": "sha512-WyosM7pxGcndU8hY0OQlLd54tOU+qmG45QXj2dAYrL11HoyU/EzOSTlpJsirbBr1QW7lICxSsVJJmcmUglovHQ==",
      "dev": true
    }
  }
}